
Microsoft Visual Studio Solution File, Format Version 12.00
# Visual Studio Version 16
VisualStudioVersion = 16.0.29609.76
MinimumVisualStudioVersion = 10.0.40219.1
Project("{8BC9CEB8-8B4A-11D0-8D11-00A0C91BC942}") = "Learning C++", "Project1.vcxproj", "{4AD985A1-7277-4B51-9D75-0D09408958E0}"
EndProject
Project("{8BC9CEB8-8B4A-11D0-8D11-00A0C91BC942}") = "Hello World Challenge", "..\Hello World Challenge\Hello World Challenge.vcxproj", "{CAFCE35E-C8D6-40B4-A95B-65803F190FBA}"
EndProject
Project("{8BC9CEB8-8B4A-11D0-8D11-00A0C91BC942}") = "RNG Challenge", "..\RNG Challenge\RNG Challenge.vcxproj", "{82ED67B4-0A00-4F81-899E-265C38286D73}"
EndProject
Project("{8BC9CEB8-8B4A-11D0-8D11-00A0C91BC942}") = "Add loop to game Challenge", "..\Add loop to game Challenge\Add loop to game Challenge.vcxproj", "{89FCB80E-B844-436D-9001-4F58FF8B784D}"
EndProject
Project("{8BC9CEB8-8B4A-11D0-8D11-00A0C91BC942}") = "Move gameplay to function Challenge", "..\Move gameplay to function Challenge\Move gameplay to function Challenge.vcxproj", "{D6D861D6-AAAB-415E-9E84-1FE6F7E13E62}"
EndProject
Project("{8BC9CEB8-8B4A-11D0-8D11-00A0C91BC942}") = "Write order to file", "..\Write order to file\Write order to file.vcxproj", "{EB7B6AE6-E4C8-413B-A9FE-9D5F27FBC19C}"
EndProject
Global
	GlobalSection(SolutionConfigurationPlatforms) = preSolution
		Debug|x64 = Debug|x64
		Debug|x86 = Debug|x86
		Release|x64 = Release|x64
		Release|x86 = Release|x86
	EndGlobalSection
	GlobalSection(ProjectConfigurationPlatforms) = postSolution
		{4AD985A1-7277-4B51-9D75-0D09408958E0}.Debug|x64.ActiveCfg = Debug|x64
		{4AD985A1-7277-4B51-9D75-0D09408958E0}.Debug|x64.Build.0 = Debug|x64
		{4AD985A1-7277-4B51-9D75-0D09408958E0}.Debug|x86.ActiveCfg = Debug|Win32
		{4AD985A1-7277-4B51-9D75-0D09408958E0}.Debug|x86.Build.0 = Debug|Win32
		{4AD985A1-7277-4B51-9D75-0D09408958E0}.Release|x64.ActiveCfg = Release|x64
		{4AD985A1-7277-4B51-9D75-0D09408958E0}.Release|x64.Build.0 = Release|x64
		{4AD985A1-7277-4B51-9D75-0D09408958E0}.Release|x86.ActiveCfg = Release|Win32
		{4AD985A1-7277-4B51-9D75-0D09408958E0}.Release|x86.Build.0 = Release|Win32
		{CAFCE35E-C8D6-40B4-A95B-65803F190FBA}.Debug|x64.ActiveCfg = Debug|x64
		{CAFCE35E-C8D6-40B4-A95B-65803F190FBA}.Debug|x64.Build.0 = Debug|x64
		{CAFCE35E-C8D6-40B4-A95B-65803F190FBA}.Debug|x86.ActiveCfg = Debug|Win32
		{CAFCE35E-C8D6-40B4-A95B-65803F190FBA}.Debug|x86.Build.0 = Debug|Win32
		{CAFCE35E-C8D6-40B4-A95B-65803F190FBA}.Release|x64.ActiveCfg = Release|x64
		{CAFCE35E-C8D6-40B4-A95B-65803F190FBA}.Release|x64.Build.0 = Release|x64
		{CAFCE35E-C8D6-40B4-A95B-65803F190FBA}.Release|x86.ActiveCfg = Release|Win32
		{CAFCE35E-C8D6-40B4-A95B-65803F190FBA}.Release|x86.Build.0 = Release|Win32
		{82ED67B4-0A00-4F81-899E-265C38286D73}.Debug|x64.ActiveCfg = Debug|x64
		{82ED67B4-0A00-4F81-899E-265C38286D73}.Debug|x64.Build.0 = Debug|x64
		{82ED67B4-0A00-4F81-899E-265C38286D73}.Debug|x86.ActiveCfg = Debug|Win32
		{82ED67B4-0A00-4F81-899E-265C38286D73}.Debug|x86.Build.0 = Debug|Win32
		{82ED67B4-0A00-4F81-899E-265C38286D73}.Release|x64.ActiveCfg = Release|x64
		{82ED67B4-0A00-4F81-899E-265C38286D73}.Release|x64.Build.0 = Release|x64
		{82ED67B4-0A00-4F81-899E-265C38286D73}.Release|x86.ActiveCfg = Release|Win32
		{82ED67B4-0A00-4F81-899E-265C38286D73}.Release|x86.Build.0 = Release|Win32
		{89FCB80E-B844-436D-9001-4F58FF8B784D}.Debug|x64.ActiveCfg = Debug|x64
		{89FCB80E-B844-436D-9001-4F58FF8B784D}.Debug|x64.Build.0 = Debug|x64
		{89FCB80E-B844-436D-9001-4F58FF8B784D}.Debug|x86.ActiveCfg = Debug|Win32
		{89FCB80E-B844-436D-9001-4F58FF8B784D}.Debug|x86.Build.0 = Debug|Win32
		{89FCB80E-B844-436D-9001-4F58FF8B784D}.Release|x64.ActiveCfg = Release|x64
		{89FCB80E-B844-436D-9001-4F58FF8B784D}.Release|x64.Build.0 = Release|x64
		{89FCB80E-B844-436D-9001-4F58FF8B784D}.Release|x86.ActiveCfg = Release|Win32
		{89FCB80E-B844-436D-9001-4F58FF8B784D}.Release|x86.Build.0 = Release|Win32
		{D6D861D6-AAAB-415E-9E84-1FE6F7E13E62}.Debug|x64.ActiveCfg = Debug|x64
		{D6D861D6-AAAB-415E-9E84-1FE6F7E13E62}.Debug|x64.Build.0 = Debug|x64
		{D6D861D6-AAAB-415E-9E84-1FE6F7E13E62}.Debug|x86.ActiveCfg = Debug|Win32
		{D6D861D6-AAAB-415E-9E84-1FE6F7E13E62}.Debug|x86.Build.0 = Debug|Win32
		{D6D861D6-AAAB-415E-9E84-1FE6F7E13E62}.Release|x64.ActiveCfg = Release|x64
		{D6D861D6-AAAB-415E-9E84-1FE6F7E13E62}.Release|x64.Build.0 = Release|x64
		{D6D861D6-AAAB-415E-9E84-1FE6F7E13E62}.Release|x86.ActiveCfg = Release|Win32
		{D6D861D6-AAAB-415E-9E84-1FE6F7E13E62}.Release|x86.Build.0 = Release|Win32
		{EB7B6AE6-E4C8-413B-A9FE-9D5F27FBC19C}.Debug|x64.ActiveCfg = Debug|x64
		{EB7B6AE6-E4C8-413B-A9FE-9D5F27FBC19C}.Debug|x64.Build.0 = Debug|x64
		{EB7B6AE6-E4C8-413B-A9FE-9D5F27FBC19C}.Debug|x86.ActiveCfg = Debug|Win32
		{EB7B6AE6-E4C8-413B-A9FE-9D5F27FBC19C}.Debug|x86.Build.0 = Debug|Win32
		{EB7B6AE6-E4C8-413B-A9FE-9D5F27FBC19C}.Release|x64.ActiveCfg = Release|x64
		{EB7B6AE6-E4C8-413B-A9FE-9D5F27FBC19C}.Release|x64.Build.0 = Release|x64
		{EB7B6AE6-E4C8-413B-A9FE-9D5F27FBC19C}.Release|x86.ActiveCfg = Release|Win32
		{EB7B6AE6-E4C8-413B-A9FE-9D5F27FBC19C}.Release|x86.Build.0 = Release|Win32
	EndGlobalSection
	GlobalSection(SolutionProperties) = preSolution
		HideSolutionNode = FALSE
	EndGlobalSection
	GlobalSection(ExtensibilityGlobals) = postSolution
		SolutionGuid = {93DE3C1A-892A-45F4-B779-9B7CAE592988}
	EndGlobalSection
EndGlobal
