
Microsoft Visual Studio Solution File, Format Version 12.00
# Visual Studio Version 16
VisualStudioVersion = 16.0.30413.136
MinimumVisualStudioVersion = 10.0.40219.1
Project("{8BC9CEB8-8B4A-11D0-8D11-00A0C91BC942}") = "C++ Advanced Topics", "C++ Advanced Topics.vcxproj", "{74FCD8A2-00A6-4791-B1F5-52773FE8851D}"
EndProject
Project("{8BC9CEB8-8B4A-11D0-8D11-00A0C91BC942}") = "Classes and Objects", "..\Classes and Objects\Classes and Objects.vcxproj", "{A8F64181-55DD-4482-BEBA-2FF01812F2A9}"
EndProject
Project("{8BC9CEB8-8B4A-11D0-8D11-00A0C91BC942}") = "Class Inheritance", "..\Class Inheritance\Class Inheritance.vcxproj", "{88082356-AB5E-4585-80DA-A597E7725D92}"
EndProject
Project("{8BC9CEB8-8B4A-11D0-8D11-00A0C91BC942}") = "Smart Pointers", "..\Smart Pointers\Smart Pointers.vcxproj", "{14EEE381-B3BE-45C3-A409-7A5761CDA50D}"
EndProject
Project("{8BC9CEB8-8B4A-11D0-8D11-00A0C91BC942}") = "Move Semantics", "..\Move Semantics\Move Semantics.vcxproj", "{FC18532D-AB01-48C9-880C-E9F1A35898C7}"
EndProject
Project("{8BC9CEB8-8B4A-11D0-8D11-00A0C91BC942}") = "Lambda Functions", "..\Lambda Functions\Lambda Functions.vcxproj", "{11208798-6BD9-4303-A027-D06374CEA1BF}"
EndProject
Project("{8BC9CEB8-8B4A-11D0-8D11-00A0C91BC942}") = "The C Preprocessor", "..\The C Processor\The C Processor.vcxproj", "{66CB490C-44F1-4A44-9916-06859C9E92BB}"
EndProject
Project("{8BC9CEB8-8B4A-11D0-8D11-00A0C91BC942}") = "Unit Tests", "..\Unit Tests\Unit Tests.vcxproj", "{8BC7B6DA-51EC-4B7F-84AD-260C4F5A8C74}"
EndProject
Project("{8BC9CEB8-8B4A-11D0-8D11-00A0C91BC942}") = "Custom String Library", "..\Custom String Library\Custom String Library.vcxproj", "{1D915D3F-4288-440E-A68F-97B838FB101C}"
EndProject
Global
	GlobalSection(SolutionConfigurationPlatforms) = preSolution
		Debug|x64 = Debug|x64
		Debug|x86 = Debug|x86
		Release|x64 = Release|x64
		Release|x86 = Release|x86
	EndGlobalSection
	GlobalSection(ProjectConfigurationPlatforms) = postSolution
		{74FCD8A2-00A6-4791-B1F5-52773FE8851D}.Debug|x64.ActiveCfg = Debug|x64
		{74FCD8A2-00A6-4791-B1F5-52773FE8851D}.Debug|x64.Build.0 = Debug|x64
		{74FCD8A2-00A6-4791-B1F5-52773FE8851D}.Debug|x86.ActiveCfg = Debug|Win32
		{74FCD8A2-00A6-4791-B1F5-52773FE8851D}.Debug|x86.Build.0 = Debug|Win32
		{74FCD8A2-00A6-4791-B1F5-52773FE8851D}.Release|x64.ActiveCfg = Release|x64
		{74FCD8A2-00A6-4791-B1F5-52773FE8851D}.Release|x64.Build.0 = Release|x64
		{74FCD8A2-00A6-4791-B1F5-52773FE8851D}.Release|x86.ActiveCfg = Release|Win32
		{74FCD8A2-00A6-4791-B1F5-52773FE8851D}.Release|x86.Build.0 = Release|Win32
		{A8F64181-55DD-4482-BEBA-2FF01812F2A9}.Debug|x64.ActiveCfg = Debug|x64
		{A8F64181-55DD-4482-BEBA-2FF01812F2A9}.Debug|x64.Build.0 = Debug|x64
		{A8F64181-55DD-4482-BEBA-2FF01812F2A9}.Debug|x86.ActiveCfg = Debug|Win32
		{A8F64181-55DD-4482-BEBA-2FF01812F2A9}.Debug|x86.Build.0 = Debug|Win32
		{A8F64181-55DD-4482-BEBA-2FF01812F2A9}.Release|x64.ActiveCfg = Release|x64
		{A8F64181-55DD-4482-BEBA-2FF01812F2A9}.Release|x64.Build.0 = Release|x64
		{A8F64181-55DD-4482-BEBA-2FF01812F2A9}.Release|x86.ActiveCfg = Release|Win32
		{A8F64181-55DD-4482-BEBA-2FF01812F2A9}.Release|x86.Build.0 = Release|Win32
		{88082356-AB5E-4585-80DA-A597E7725D92}.Debug|x64.ActiveCfg = Debug|x64
		{88082356-AB5E-4585-80DA-A597E7725D92}.Debug|x64.Build.0 = Debug|x64
		{88082356-AB5E-4585-80DA-A597E7725D92}.Debug|x86.ActiveCfg = Debug|Win32
		{88082356-AB5E-4585-80DA-A597E7725D92}.Debug|x86.Build.0 = Debug|Win32
		{88082356-AB5E-4585-80DA-A597E7725D92}.Release|x64.ActiveCfg = Release|x64
		{88082356-AB5E-4585-80DA-A597E7725D92}.Release|x64.Build.0 = Release|x64
		{88082356-AB5E-4585-80DA-A597E7725D92}.Release|x86.ActiveCfg = Release|Win32
		{88082356-AB5E-4585-80DA-A597E7725D92}.Release|x86.Build.0 = Release|Win32
		{14EEE381-B3BE-45C3-A409-7A5761CDA50D}.Debug|x64.ActiveCfg = Debug|x64
		{14EEE381-B3BE-45C3-A409-7A5761CDA50D}.Debug|x64.Build.0 = Debug|x64
		{14EEE381-B3BE-45C3-A409-7A5761CDA50D}.Debug|x86.ActiveCfg = Debug|Win32
		{14EEE381-B3BE-45C3-A409-7A5761CDA50D}.Debug|x86.Build.0 = Debug|Win32
		{14EEE381-B3BE-45C3-A409-7A5761CDA50D}.Release|x64.ActiveCfg = Release|x64
		{14EEE381-B3BE-45C3-A409-7A5761CDA50D}.Release|x64.Build.0 = Release|x64
		{14EEE381-B3BE-45C3-A409-7A5761CDA50D}.Release|x86.ActiveCfg = Release|Win32
		{14EEE381-B3BE-45C3-A409-7A5761CDA50D}.Release|x86.Build.0 = Release|Win32
		{FC18532D-AB01-48C9-880C-E9F1A35898C7}.Debug|x64.ActiveCfg = Debug|x64
		{FC18532D-AB01-48C9-880C-E9F1A35898C7}.Debug|x64.Build.0 = Debug|x64
		{FC18532D-AB01-48C9-880C-E9F1A35898C7}.Debug|x86.ActiveCfg = Debug|Win32
		{FC18532D-AB01-48C9-880C-E9F1A35898C7}.Debug|x86.Build.0 = Debug|Win32
		{FC18532D-AB01-48C9-880C-E9F1A35898C7}.Release|x64.ActiveCfg = Release|x64
		{FC18532D-AB01-48C9-880C-E9F1A35898C7}.Release|x64.Build.0 = Release|x64
		{FC18532D-AB01-48C9-880C-E9F1A35898C7}.Release|x86.ActiveCfg = Release|Win32
		{FC18532D-AB01-48C9-880C-E9F1A35898C7}.Release|x86.Build.0 = Release|Win32
		{11208798-6BD9-4303-A027-D06374CEA1BF}.Debug|x64.ActiveCfg = Debug|x64
		{11208798-6BD9-4303-A027-D06374CEA1BF}.Debug|x64.Build.0 = Debug|x64
		{11208798-6BD9-4303-A027-D06374CEA1BF}.Debug|x86.ActiveCfg = Debug|Win32
		{11208798-6BD9-4303-A027-D06374CEA1BF}.Debug|x86.Build.0 = Debug|Win32
		{11208798-6BD9-4303-A027-D06374CEA1BF}.Release|x64.ActiveCfg = Release|x64
		{11208798-6BD9-4303-A027-D06374CEA1BF}.Release|x64.Build.0 = Release|x64
		{11208798-6BD9-4303-A027-D06374CEA1BF}.Release|x86.ActiveCfg = Release|Win32
		{11208798-6BD9-4303-A027-D06374CEA1BF}.Release|x86.Build.0 = Release|Win32
		{66CB490C-44F1-4A44-9916-06859C9E92BB}.Debug|x64.ActiveCfg = Debug|x64
		{66CB490C-44F1-4A44-9916-06859C9E92BB}.Debug|x64.Build.0 = Debug|x64
		{66CB490C-44F1-4A44-9916-06859C9E92BB}.Debug|x86.ActiveCfg = Debug|Win32
		{66CB490C-44F1-4A44-9916-06859C9E92BB}.Debug|x86.Build.0 = Debug|Win32
		{66CB490C-44F1-4A44-9916-06859C9E92BB}.Release|x64.ActiveCfg = Release|x64
		{66CB490C-44F1-4A44-9916-06859C9E92BB}.Release|x64.Build.0 = Release|x64
		{66CB490C-44F1-4A44-9916-06859C9E92BB}.Release|x86.ActiveCfg = Release|Win32
		{66CB490C-44F1-4A44-9916-06859C9E92BB}.Release|x86.Build.0 = Release|Win32
		{8BC7B6DA-51EC-4B7F-84AD-260C4F5A8C74}.Debug|x64.ActiveCfg = Debug|x64
		{8BC7B6DA-51EC-4B7F-84AD-260C4F5A8C74}.Debug|x64.Build.0 = Debug|x64
		{8BC7B6DA-51EC-4B7F-84AD-260C4F5A8C74}.Debug|x86.ActiveCfg = Debug|Win32
		{8BC7B6DA-51EC-4B7F-84AD-260C4F5A8C74}.Debug|x86.Build.0 = Debug|Win32
		{8BC7B6DA-51EC-4B7F-84AD-260C4F5A8C74}.Release|x64.ActiveCfg = Release|x64
		{8BC7B6DA-51EC-4B7F-84AD-260C4F5A8C74}.Release|x64.Build.0 = Release|x64
		{8BC7B6DA-51EC-4B7F-84AD-260C4F5A8C74}.Release|x86.ActiveCfg = Release|Win32
		{8BC7B6DA-51EC-4B7F-84AD-260C4F5A8C74}.Release|x86.Build.0 = Release|Win32
		{1D915D3F-4288-440E-A68F-97B838FB101C}.Debug|x64.ActiveCfg = Debug|x64
		{1D915D3F-4288-440E-A68F-97B838FB101C}.Debug|x64.Build.0 = Debug|x64
		{1D915D3F-4288-440E-A68F-97B838FB101C}.Debug|x86.ActiveCfg = Debug|Win32
		{1D915D3F-4288-440E-A68F-97B838FB101C}.Debug|x86.Build.0 = Debug|Win32
		{1D915D3F-4288-440E-A68F-97B838FB101C}.Release|x64.ActiveCfg = Release|x64
		{1D915D3F-4288-440E-A68F-97B838FB101C}.Release|x64.Build.0 = Release|x64
		{1D915D3F-4288-440E-A68F-97B838FB101C}.Release|x86.ActiveCfg = Release|Win32
		{1D915D3F-4288-440E-A68F-97B838FB101C}.Release|x86.Build.0 = Release|Win32
	EndGlobalSection
	GlobalSection(SolutionProperties) = preSolution
		HideSolutionNode = FALSE
	EndGlobalSection
	GlobalSection(ExtensibilityGlobals) = postSolution
		SolutionGuid = {AD0D756A-1F69-4A14-9E1A-001047032543}
	EndGlobalSection
EndGlobal
